
Microsoft Visual Studio Solution File, Format Version 12.00
# Visual Studio Version 17
VisualStudioVersion = 17.14.36603.0 d17.14
MinimumVisualStudioVersion = 10.0.40219.1
Project("{FAE04EC0-301F-11D3-BF4B-00C04F79EFBC}") = "CreatingTextFile", "CreatingTextFile\CreatingTextFile.csproj", "{C37F6AA6-FAFD-4350-85D1-373BF6F7591D}"
EndProject
Global
	GlobalSection(SolutionConfigurationPlatforms) = preSolution
		Debug|Any CPU = Debug|Any CPU
		Release|Any CPU = Release|Any CPU
	EndGlobalSection
	GlobalSection(ProjectConfigurationPlatforms) = postSolution
		{C37F6AA6-FAFD-4350-85D1-373BF6F7591D}.Debug|Any CPU.ActiveCfg = Debug|Any CPU
		{C37F6AA6-FAFD-4350-85D1-373BF6F7591D}.Debug|Any CPU.Build.0 = Debug|Any CPU
		{C37F6AA6-FAFD-4350-85D1-373BF6F7591D}.Release|Any CPU.ActiveCfg = Release|Any CPU
		{C37F6AA6-FAFD-4350-85D1-373BF6F7591D}.Release|Any CPU.Build.0 = Release|Any CPU
	EndGlobalSection
	GlobalSection(SolutionProperties) = preSolution
		HideSolutionNode = FALSE
	EndGlobalSection
	GlobalSection(ExtensibilityGlobals) = postSolution
		SolutionGuid = {37FBBD9B-BD00-45E4-875C-8252CD1AA251}
	EndGlobalSection
EndGlobal
